PODS:
  - Flutter (1.0.0)
  - GoogleAds-IMA-iOS-SDK (3.14.5)

DEPENDENCIES:
  - Flutter (from `Flutter`)
  - GoogleAds-IMA-iOS-SDK (~> 3.14.5)

SPEC REPOS:
  trunk:
    - GoogleAds-IMA-iOS-SDK

EXTERNAL SOURCES:
  Flutter:
    :path: Flutter

SPEC CHECKSUMS:
  Flutter: 50d75fe2f02b26cc09d224853bb45737f8b3214a
  GoogleAds-IMA-iOS-SDK: b088674002266c5638e73d10696c8b13872ee15e

PODFILE CHECKSUM: 76d63d20114f32df82b1e0f77abbbd9b482bdfe0

COCOAPODS: 1.11.2
